{
    "_meta": {
        "hash": {
            "sha256": "79fe6368f7b2898ba9812408a95aa9f99579972b881a0f6de4db9df0d0cbeac9"
        },
        "pipfile-spec": 6,
        "requires": {
            "python_version": "3.7"
        },
        "sources": [
            {
                "name": "pypi",
                "url": "https://pypi.org/simple",
                "verify_ssl": true
            }
        ]
    },
    "default": {
        "colorama": {
            "hashes": [
                "sha256:463f8483208e921368c9f306094eb6f725c6ca42b0f97e313cb5d5512459feda",
                "sha256:48eb22f4f8461b1df5734a074b57042430fb06e1d61bd1e11b078c0fe6d7a1f1"
            ],
            "index": "pypi",
            "version": "==0.3.9"
        },
        "coloredlogs": {
            "hashes": [
                "sha256:34fad2e342d5a559c31b6c889e8d14f97cb62c47d9a2ae7b5ed14ea10a79eff8",
                "sha256:b869a2dda3fa88154b9dd850e27828d8755bfab5a838a1c97fbc850c6e377c36"
            ],
            "index": "pypi",
            "version": "==10.0"
        },
        "docopt": {
            "hashes": [
                "sha256:49b3a825280bd66b3aa83585ef59c4a8c82f2c8a522dbe754a8bc8d08c85c491"
            ],
            "index": "pypi",
            "version": "==0.6.2"
        },
        "fsoopify": {
            "hashes": [
                "sha256:ae3ec04e86f34258056643c874b19dba89e517cfbfb105ca55e794048f6f6d9b"
            ],
            "index": "pypi",
            "version": "==0.1.16"
        },
        "humanfriendly": {
            "hashes": [
                "sha256:49196aaebc41a73106256bf2dce468452e8cf2f12b73eb54b50c25fbc1644363",
                "sha256:ed1e98ae056b597f15b41bddcc32b9f21e6ab4f3445f9faad1668675de759f7b"
            ],
            "version": "==4.16.1"
        },
        "pyreadline": {
            "hashes": [
                "sha256:4530592fc2e85b25b1a9f79664433da09237c1a270e4d78ea5aa3a2c7229e2d1"
            ],
            "markers": "sys_platform == 'win32'",
            "version": "==2.1"
        }
    },
    "develop": {}
}
